// !$*UTF8*$!
{
	archiveVersion = 1;
	classes = {
	};
	objectVersion = 46;
	objects = {

/* Begin PBXBuildFile section */
		843847B41D953FB800CDF0CA /* UserListTableViewCell.swift in Sources */ = {isa = PBXBuildFile; fileRef = 843847B31D953FB800CDF0CA /* UserListTableViewCell.swift */; };
		843847B51D953FB800CDF0CA /* UserListTableViewCell.swift in Sources */ = {isa = PBXBuildFile; fileRef = 843847B31D953FB800CDF0CA /* UserListTableViewCell.swift */; };
		843847B61D953FB800CDF0CA /* UserListTableViewCell.swift in Sources */ = {isa = PBXBuildFile; fileRef = 843847B31D953FB800CDF0CA /* UserListTableViewCell.swift */; };
		846235B81D9417FF00A708D9 /* AppDelegate.swift in Sources */ = {isa = PBXBuildFile; fileRef = 846235B71D9417FF00A708D9 /* AppDelegate.swift */; };
		846235BA1D9417FF00A708D9 /* ViewController.swift in Sources */ = {isa = PBXBuildFile; fileRef = 846235B91D9417FF00A708D9 /* ViewController.swift */; };
		846235BD1D9417FF00A708D9 /* Main.storyboard in Resources */ = {isa = PBXBuildFile; fileRef = 846235BB1D9417FF00A708D9 /* Main.storyboard */; };
		846235C01D9417FF00A708D9 /* MVP_MVVM_Assignment.xcdatamodeld in Sources */ = {isa = PBXBuildFile; fileRef = 846235BE1D9417FF00A708D9 /* MVP_MVVM_Assignment.xcdatamodeld */; };
		846235C21D9417FF00A708D9 /* Assets.xcassets in Resources */ = {isa = PBXBuildFile; fileRef = 846235C11D9417FF00A708D9 /* Assets.xcassets */; };
		846235C51D9417FF00A708D9 /* LaunchScreen.storyboard in Resources */ = {isa = PBXBuildFile; fileRef = 846235C31D9417FF00A708D9 /* LaunchScreen.storyboard */; };
		846235D01D9417FF00A708D9 /* MVP_MVVM_AssignmentTests.swift in Sources */ = {isa = PBXBuildFile; fileRef = 846235CF1D9417FF00A708D9 /* MVP_MVVM_AssignmentTests.swift */; };
		846235DB1D9417FF00A708D9 /* MVP_MVVM_AssignmentUITests.swift in Sources */ = {isa = PBXBuildFile; fileRef = 846235DA1D9417FF00A708D9 /* MVP_MVVM_AssignmentUITests.swift */; };
		846235ED1D941B2C00A708D9 /* UserDataSourceHandler.swift in Sources */ = {isa = PBXBuildFile; fileRef = 846235EC1D941B2C00A708D9 /* UserDataSourceHandler.swift */; };
		846235EE1D941B2C00A708D9 /* UserDataSourceHandler.swift in Sources */ = {isa = PBXBuildFile; fileRef = 846235EC1D941B2C00A708D9 /* UserDataSourceHandler.swift */; };
		846235EF1D941B2C00A708D9 /* UserDataSourceHandler.swift in Sources */ = {isa = PBXBuildFile; fileRef = 846235EC1D941B2C00A708D9 /* UserDataSourceHandler.swift */; };
		846235F11D941C3100A708D9 /* UserListModel.swift in Sources */ = {isa = PBXBuildFile; fileRef = 846235F01D941C3100A708D9 /* UserListModel.swift */; };
		846235F21D941C3100A708D9 /* UserListModel.swift in Sources */ = {isa = PBXBuildFile; fileRef = 846235F01D941C3100A708D9 /* UserListModel.swift */; };
		846235F31D941C3100A708D9 /* UserListModel.swift in Sources */ = {isa = PBXBuildFile; fileRef = 846235F01D941C3100A708D9 /* UserListModel.swift */; };
		846235F91D941C7200A708D9 /* UserListViewModel.swift in Sources */ = {isa = PBXBuildFile; fileRef = 846235F81D941C7200A708D9 /* UserListViewModel.swift */; };
		846235FA1D941C7200A708D9 /* UserListViewModel.swift in Sources */ = {isa = PBXBuildFile; fileRef = 846235F81D941C7200A708D9 /* UserListViewModel.swift */; };
		846235FB1D941C7200A708D9 /* UserListViewModel.swift in Sources */ = {isa = PBXBuildFile; fileRef = 846235F81D941C7200A708D9 /* UserListViewModel.swift */; };
		846236011D941EE000A708D9 /* NetworkConnectionHandler.swift in Sources */ = {isa = PBXBuildFile; fileRef = 846236001D941EE000A708D9 /* NetworkConnectionHandler.swift */; };
		846236021D941EE000A708D9 /* NetworkConnectionHandler.swift in Sources */ = {isa = PBXBuildFile; fileRef = 846236001D941EE000A708D9 /* NetworkConnectionHandler.swift */; };
		846236031D941EE000A708D9 /* NetworkConnectionHandler.swift in Sources */ = {isa = PBXBuildFile; fileRef = 846236001D941EE000A708D9 /* NetworkConnectionHandler.swift */; };
/* End PBXBuildFile section */

/* Begin PBXContainerItemProxy section */
		846235CC1D9417FF00A708D9 /* PBXContainerItemProxy */ = {
			isa = PBXContainerItemProxy;
			containerPortal = 846235AC1D9417FF00A708D9 /* Project object */;
			proxyType = 1;
			remoteGlobalIDString = 846235B31D9417FF00A708D9;
			remoteInfo = MVP_MVVM_Assignment;
		};
		846235D71D9417FF00A708D9 /* PBXContainerItemProxy */ = {
			isa = PBXContainerItemProxy;
			containerPortal = 846235AC1D9417FF00A708D9 /* Project object */;
			proxyType = 1;
			remoteGlobalIDString = 846235B31D9417FF00A708D9;
			remoteInfo = MVP_MVVM_Assignment;
		};
/* End PBXContainerItemProxy section */

/* Begin PBXFileReference section */
		843847B31D953FB800CDF0CA /* UserListTableViewCell.swift */ = {isa = PBXFileReference; fileEncoding = 4; lastKnownFileType = sourcecode.swift; path = UserListTableViewCell.swift; sourceTree = "<group>"; };
		846235B41D9417FF00A708D9 /* MVP_MVVM_Assignment.app */ = {isa = PBXFileReference; explicitFileType = wrapper.application; includeInIndex = 0; path = MVP_MVVM_Assignment.app; sourceTree = BUILT_PRODUCTS_DIR; };
		846235B71D9417FF00A708D9 /* AppDelegate.swift */ = {isa = PBXFileReference; lastKnownFileType = sourcecode.swift; path = AppDelegate.swift; sourceTree = "<group>"; };
		846235B91D9417FF00A708D9 /* ViewController.swift */ = {isa = PBXFileReference; lastKnownFileType = sourcecode.swift; path = ViewController.swift; sourceTree = "<group>"; };
		846235BC1D9417FF00A708D9 /* Base */ = {isa = PBXFileReference; lastKnownFileType = file.storyboard; name = Base; path = Base.lproj/Main.storyboard; sourceTree = "<group>"; };
		846235BF1D9417FF00A708D9 /* MVP_MVVM_Assignment.xcdatamodel */ = {isa = PBXFileReference; lastKnownFileType = wrapper.xcdatamodel; path = MVP_MVVM_Assignment.xcdatamodel; sourceTree = "<group>"; };
		846235C11D9417FF00A708D9 /* Assets.xcassets */ = {isa = PBXFileReference; lastKnownFileType = folder.assetcatalog; path = Assets.xcassets; sourceTree = "<group>"; };
		846235C41D9417FF00A708D9 /* Base */ = {isa = PBXFileReference; lastKnownFileType = file.storyboard; name = Base; path = Base.lproj/LaunchScreen.storyboard; sourceTree = "<group>"; };
		846235C61D9417FF00A708D9 /* Info.plist */ = {isa = PBXFileReference; lastKnownFileType = text.plist.xml; path = Info.plist; sourceTree = "<group>"; };
		846235CB1D9417FF00A708D9 /* MVP_MVVM_AssignmentTests.xctest */ = {isa = PBXFileReference; explicitFileType = wrapper.cfbundle; includeInIndex = 0; path = MVP_MVVM_AssignmentTests.xctest; sourceTree = BUILT_PRODUCTS_DIR; };
		846235CF1D9417FF00A708D9 /* MVP_MVVM_AssignmentTests.swift */ = {isa = PBXFileReference; lastKnownFileType = sourcecode.swift; path = MVP_MVVM_AssignmentTests.swift; sourceTree = "<group>"; };
		846235D11D9417FF00A708D9 /* Info.plist */ = {isa = PBXFileReference; lastKnownFileType = text.plist.xml; path = Info.plist; sourceTree = "<group>"; };
		846235D61D9417FF00A708D9 /* MVP_MVVM_AssignmentUITests.xctest */ = {isa = PBXFileReference; explicitFileType = wrapper.cfbundle; includeInIndex = 0; path = MVP_MVVM_AssignmentUITests.xctest; sourceTree = BUILT_PRODUCTS_DIR; };
		846235DA1D9417FF00A708D9 /* MVP_MVVM_AssignmentUITests.swift */ = {isa = PBXFileReference; lastKnownFileType = sourcecode.swift; path = MVP_MVVM_AssignmentUITests.swift; sourceTree = "<group>"; };
		846235DC1D9417FF00A708D9 /* Info.plist */ = {isa = PBXFileReference; lastKnownFileType = text.plist.xml; path = Info.plist; sourceTree = "<group>"; };
		846235EC1D941B2C00A708D9 /* UserDataSourceHandler.swift */ = {isa = PBXFileReference; fileEncoding = 4; lastKnownFileType = sourcecode.swift; path = UserDataSourceHandler.swift; sourceTree = "<group>"; };
		846235F01D941C3100A708D9 /* UserListModel.swift */ = {isa = PBXFileReference; fileEncoding = 4; lastKnownFileType = sourcecode.swift; path = UserListModel.swift; sourceTree = "<group>"; };
		846235F81D941C7200A708D9 /* UserListViewModel.swift */ = {isa = PBXFileReference; fileEncoding = 4; lastKnownFileType = sourcecode.swift; path = UserListViewModel.swift; sourceTree = "<group>"; };
		846236001D941EE000A708D9 /* NetworkConnectionHandler.swift */ = {isa = PBXFileReference; fileEncoding = 4; lastKnownFileType = sourcecode.swift; path = NetworkConnectionHandler.swift; sourceTree = "<group>"; };
/* End PBXFileReference section */

/* Begin PBXFrameworksBuildPhase section */
		846235B11D9417FF00A708D9 /* Frameworks */ = {
			isa = PBXFrameworksBuildPhase;
			buildActionMask = 2147483647;
			files = (
			);
			runOnlyForDeploymentPostprocessing = 0;
		};
		846235C81D9417FF00A708D9 /* Frameworks */ = {
			isa = PBXFrameworksBuildPhase;
			buildActionMask = 2147483647;
			files = (
			);
			runOnlyForDeploymentPostprocessing = 0;
		};
		846235D31D9417FF00A708D9 /* Frameworks */ = {
			isa = PBXFrameworksBuildPhase;
			buildActionMask = 2147483647;
			files = (
			);
			runOnlyForDeploymentPostprocessing = 0;
		};
/* End PBXFrameworksBuildPhase section */

/* Begin PBXGroup section */
		846235AB1D9417FF00A708D9 = {
			isa = PBXGroup;
			children = (
				846235B61D9417FF00A708D9 /* MVP_MVVM_Assignment */,
				846235CE1D9417FF00A708D9 /* MVP_MVVM_AssignmentTests */,
				846235D91D9417FF00A708D9 /* MVP_MVVM_AssignmentUITests */,
				846235B51D9417FF00A708D9 /* Products */,
			);
			sourceTree = "<group>";
		};
		846235B51D9417FF00A708D9 /* Products */ = {
			isa = PBXGroup;
			children = (
				846235B41D9417FF00A708D9 /* MVP_MVVM_Assignment.app */,
				846235CB1D9417FF00A708D9 /* MVP_MVVM_AssignmentTests.xctest */,
				846235D61D9417FF00A708D9 /* MVP_MVVM_AssignmentUITests.xctest */,
			);
			name = Products;
			sourceTree = "<group>";
		};
		846235B61D9417FF00A708D9 /* MVP_MVVM_Assignment */ = {
			isa = PBXGroup;
			children = (
				84B257C21D995BDC00B1BA8B /* Utility */,
				846235B71D9417FF00A708D9 /* AppDelegate.swift */,
				846235B91D9417FF00A708D9 /* ViewController.swift */,
				846235BB1D9417FF00A708D9 /* Main.storyboard */,
				846235EC1D941B2C00A708D9 /* UserDataSourceHandler.swift */,
				846235F01D941C3100A708D9 /* UserListModel.swift */,
				846235F81D941C7200A708D9 /* UserListViewModel.swift */,
				846236001D941EE000A708D9 /* NetworkConnectionHandler.swift */,
				843847B31D953FB800CDF0CA /* UserListTableViewCell.swift */,
				846235C11D9417FF00A708D9 /* Assets.xcassets */,
				846235C31D9417FF00A708D9 /* LaunchScreen.storyboard */,
				846235C61D9417FF00A708D9 /* Info.plist */,
				846235BE1D9417FF00A708D9 /* MVP_MVVM_Assignment.xcdatamodeld */,
			);
			path = MVP_MVVM_Assignment;
			sourceTree = "<group>";
		};
		846235CE1D9417FF00A708D9 /* MVP_MVVM_AssignmentTests */ = {
			isa = PBXGroup;
			children = (
				846235CF1D9417FF00A708D9 /* MVP_MVVM_AssignmentTests.swift */,
				846235D11D9417FF00A708D9 /* Info.plist */,
			);
			path = MVP_MVVM_AssignmentTests;
			sourceTree = "<group>";
		};
		846235D91D9417FF00A708D9 /* MVP_MVVM_AssignmentUITests */ = {
			isa = PBXGroup;
			children = (
				846235DA1D9417FF00A708D9 /* MVP_MVVM_AssignmentUITests.swift */,
				846235DC1D9417FF00A708D9 /* Info.plist */,
			);
			path = MVP_MVVM_AssignmentUITests;
			sourceTree = "<group>";
		};
		84B257C21D995BDC00B1BA8B /* Utility */ = {
			isa = PBXGroup;
			children = (
			);
			name = Utility;
			sourceTree = "<group>";
		};
/* End PBXGroup section */

/* Begin PBXNativeTarget section */
		846235B31D9417FF00A708D9 /* MVP_MVVM_Assignment */ = {
			isa = PBXNativeTarget;
			buildConfigurationList = 846235DF1D9417FF00A708D9 /* Build configuration list for PBXNativeTarget "MVP_MVVM_Assignment" */;
			buildPhases = (
				846235B01D9417FF00A708D9 /* Sources */,
				846235B11D9417FF00A708D9 /* Frameworks */,
				846235B21D9417FF00A708D9 /* Resources */,
			);
			buildRules = (
			);
			dependencies = (
			);
			name = MVP_MVVM_Assignment;
			productName = MVP_MVVM_Assignment;
			productReference = 846235B41D9417FF00A708D9 /* MVP_MVVM_Assignment.app */;
			productType = "com.apple.product-type.application";
		};
		846235CA1D9417FF00A708D9 /* MVP_MVVM_AssignmentTests */ = {
			isa = PBXNativeTarget;
			buildConfigurationList = 846235E21D9417FF00A708D9 /* Build configuration list for PBXNativeTarget "MVP_MVVM_AssignmentTests" */;
			buildPhases = (
				846235C71D9417FF00A708D9 /* Sources */,
				846235C81D9417FF00A708D9 /* Frameworks */,
				846235C91D9417FF00A708D9 /* Resources */,
			);
			buildRules = (
			);
			dependencies = (
				846235CD1D9417FF00A708D9 /* PBXTargetDependency */,
			);
			name = MVP_MVVM_AssignmentTests;
			productName = MVP_MVVM_AssignmentTests;
			productReference = 846235CB1D9417FF00A708D9 /* MVP_MVVM_AssignmentTests.xctest */;
			productType = "com.apple.product-type.bundle.unit-test";
		};
		846235D51D9417FF00A708D9 /* MVP_MVVM_AssignmentUITests */ = {
			isa = PBXNativeTarget;
			buildConfigurationList = 846235E51D9417FF00A708D9 /* Build configuration list for PBXNativeTarget "MVP_MVVM_AssignmentUITests" */;
			buildPhases = (
				846235D21D9417FF00A708D9 /* Sources */,
				846235D31D9417FF00A708D9 /* Frameworks */,
				846235D41D9417FF00A708D9 /* Resources */,
			);
			buildRules = (
			);
			dependencies = (
				846235D81D9417FF00A708D9 /* PBXTargetDependency */,
			);
			name = MVP_MVVM_AssignmentUITests;
			productName = MVP_MVVM_AssignmentUITests;
			productReference = 846235D61D9417FF00A708D9 /* MVP_MVVM_AssignmentUITests.xctest */;
			productType = "com.apple.product-type.bundle.ui-testing";
		};
/* End PBXNativeTarget section */

/* Begin PBXProject section */
		846235AC1D9417FF00A708D9 /* Project object */ = {
			isa = PBXProject;
			attributes = {
				LastSwiftUpdateCheck = 0800;
				LastUpgradeCheck = 0800;
				ORGANIZATIONNAME = admin;
				TargetAttributes = {
					846235B31D9417FF00A708D9 = {
						CreatedOnToolsVersion = 8.0;
						DevelopmentTeam = M4BG825ZVL;
						ProvisioningStyle = Automatic;
					};
					846235CA1D9417FF00A708D9 = {
						CreatedOnToolsVersion = 8.0;
						DevelopmentTeam = M4BG825ZVL;
						ProvisioningStyle = Automatic;
						TestTargetID = 846235B31D9417FF00A708D9;
					};
					846235D51D9417FF00A708D9 = {
						CreatedOnToolsVersion = 8.0;
						DevelopmentTeam = M4BG825ZVL;
						ProvisioningStyle = Automatic;
						TestTargetID = 846235B31D9417FF00A708D9;
					};
				};
			};
			buildConfigurationList = 846235AF1D9417FF00A708D9 /* Build configuration list for PBXProject "MVP_MVVM_Assignment" */;
			compatibilityVersion = "Xcode 3.2";
			developmentRegion = English;
			hasScannedForEncodings = 0;
			knownRegions = (
				en,
				Base,
			);
			mainGroup = 846235AB1D9417FF00A708D9;
			productRefGroup = 846235B51D9417FF00A708D9 /* Products */;
			projectDirPath = "";
			projectRoot = "";
			targets = (
				846235B31D9417FF00A708D9 /* MVP_MVVM_Assignment */,
				846235CA1D9417FF00A708D9 /* MVP_MVVM_AssignmentTests */,
				846235D51D9417FF00A708D9 /* MVP_MVVM_AssignmentUITests */,
			);
		};
/* End PBXProject section */

/* Begin PBXResourcesBuildPhase section */
		846235B21D9417FF00A708D9 /* Resources */ = {
			isa = PBXResourcesBuildPhase;
			buildActionMask = 2147483647;
			files = (
				846235C51D9417FF00A708D9 /* LaunchScreen.storyboard in Resources */,
				846235C21D9417FF00A708D9 /* Assets.xcassets in Resources */,
				846235BD1D9417FF00A708D9 /* Main.storyboard in Resources */,
			);
			runOnlyForDeploymentPostprocessing = 0;
		};
		846235C91D9417FF00A708D9 /* Resources */ = {
			isa = PBXResourcesBuildPhase;
			buildActionMask = 2147483647;
			files = (
			);
			runOnlyForDeploymentPostprocessing = 0;
		};
		846235D41D9417FF00A708D9 /* Resources */ = {
			isa = PBXResourcesBuildPhase;
			buildActionMask = 2147483647;
			files = (
			);
			runOnlyForDeploymentPostprocessing = 0;
		};
/* End PBXResourcesBuildPhase section */

/* Begin PBXSourcesBuildPhase section */
		846235B01D9417FF00A708D9 /* Sources */ = {
			isa = PBXSourcesBuildPhase;
			buildActionMask = 2147483647;
			files = (
				846235F11D941C3100A708D9 /* UserListModel.swift in Sources */,
				846235F91D941C7200A708D9 /* UserListViewModel.swift in Sources */,
				846235C01D9417FF00A708D9 /* MVP_MVVM_Assignment.xcdatamodeld in Sources */,
				846235BA1D9417FF00A708D9 /* ViewController.swift in Sources */,
				843847B41D953FB800CDF0CA /* UserListTableViewCell.swift in Sources */,
				846236011D941EE000A708D9 /* NetworkConnectionHandler.swift in Sources */,
				846235ED1D941B2C00A708D9 /* UserDataSourceHandler.swift in Sources */,
				846235B81D9417FF00A708D9 /* AppDelegate.swift in Sources */,
			);
			runOnlyForDeploymentPostprocessing = 0;
		};
		846235C71D9417FF00A708D9 /* Sources */ = {
			isa = PBXSourcesBuildPhase;
			buildActionMask = 2147483647;
			files = (
				846235EE1D941B2C00A708D9 /* UserDataSourceHandler.swift in Sources */,
				846236021D941EE000A708D9 /* NetworkConnectionHandler.swift in Sources */,
				846235FA1D941C7200A708D9 /* UserListViewModel.swift in Sources */,
				846235D01D9417FF00A708D9 /* MVP_MVVM_AssignmentTests.swift in Sources */,
				843847B51D953FB800CDF0CA /* UserListTableViewCell.swift in Sources */,
				846235F21D941C3100A708D9 /* UserListModel.swift in Sources */,
			);
			runOnlyForDeploymentPostprocessing = 0;
		};
		846235D21D9417FF00A708D9 /* Sources */ = {
			isa = PBXSourcesBuildPhase;
			buildActionMask = 2147483647;
			files = (
				846235EF1D941B2C00A708D9 /* UserDataSourceHandler.swift in Sources */,
				846236031D941EE000A708D9 /* NetworkConnectionHandler.swift in Sources */,
				846235FB1D941C7200A708D9 /* UserListViewModel.swift in Sources */,
				846235DB1D9417FF00A708D9 /* MVP_MVVM_AssignmentUITests.swift in Sources */,
				843847B61D953FB800CDF0CA /* UserListTableViewCell.swift in Sources */,
				846235F31D941C3100A708D9 /* UserListModel.swift in Sources */,
			);
			runOnlyForDeploymentPostprocessing = 0;
		};
/* End PBXSourcesBuildPhase section */

/* Begin PBXTargetDependency section */
		846235CD1D9417FF00A708D9 /* PBXTargetDependency */ = {
			isa = PBXTargetDependency;
			target = 846235B31D9417FF00A708D9 /* MVP_MVVM_Assignment */;
			targetProxy = 846235CC1D9417FF00A708D9 /* PBXContainerItemProxy */;
		};
		846235D81D9417FF00A708D9 /* PBXTargetDependency */ = {
			isa = PBXTargetDependency;
			target = 846235B31D9417FF00A708D9 /* MVP_MVVM_Assignment */;
			targetProxy = 846235D71D9417FF00A708D9 /* PBXContainerItemProxy */;
		};
/* End PBXTargetDependency section */

/* Begin PBXVariantGroup section */
		846235BB1D9417FF00A708D9 /* Main.storyboard */ = {
			isa = PBXVariantGroup;
			children = (
				846235BC1D9417FF00A708D9 /* Base */,
			);
			name = Main.storyboard;
			sourceTree = "<group>";
		};
		846235C31D9417FF00A708D9 /* LaunchScreen.storyboard */ = {
			isa = PBXVariantGroup;
			children = (
				846235C41D9417FF00A708D9 /* Base */,
			);
			name = LaunchScreen.storyboard;
			sourceTree = "<group>";
		};
/* End PBXVariantGroup section */

/* Begin XCBuildConfiguration section */
		846235DD1D9417FF00A708D9 /* Debug */ = {
			isa = XCBuildConfiguration;
			buildSettings = {
				ALWAYS_SEARCH_USER_PATHS = NO;
				CLANG_ANALYZER_NONNULL = YES;
				CLANG_CXX_LANGUAGE_STANDARD = "gnu++0x";
				CLANG_CXX_LIBRARY = "libc++";
				CLANG_ENABLE_MODULES = YES;
				CLANG_ENABLE_OBJC_ARC = YES;
				CLANG_WARN_BOOL_CONVERSION = YES;
				CLANG_WARN_CONSTANT_CONVERSION = YES;
				CLANG_WARN_DIRECT_OBJC_ISA_USAGE = YES_ERROR;
				CLANG_WARN_DOCUMENTATION_COMMENTS = YES;
				CLANG_WARN_EMPTY_BODY = YES;
				CLANG_WARN_ENUM_CONVERSION = YES;
				CLANG_WARN_INFINITE_RECURSION = YES;
				CLANG_WARN_INT_CONVERSION = YES;
				CLANG_WARN_OBJC_ROOT_CLASS = YES_ERROR;
				CLANG_WARN_SUSPICIOUS_MOVES = YES;
				CLANG_WARN_UNREACHABLE_CODE = YES;
				CLANG_WARN__DUPLICATE_METHOD_MATCH = YES;
				"CODE_SIGN_IDENTITY[sdk=iphoneos*]" = "iPhone Developer";
				COPY_PHASE_STRIP = NO;
				DEBUG_INFORMATION_FORMAT = dwarf;
				ENABLE_STRICT_OBJC_MSGSEND = YES;
				ENABLE_TESTABILITY = YES;
				GCC_C_LANGUAGE_STANDARD = gnu99;
				GCC_DYNAMIC_NO_PIC = NO;
				GCC_NO_COMMON_BLOCKS = YES;
				GCC_OPTIMIZATION_LEVEL = 0;
				GCC_PREPROCESSOR_DEFINITIONS = (
					"DEBUG=1",
					"$(inherited)",
				);
				GCC_WARN_64_TO_32_BIT_CONVERSION = YES;
				GCC_WARN_ABOUT_RETURN_TYPE = YES_ERROR;
				GCC_WARN_UNDECLARED_SELECTOR = YES;
				GCC_WARN_UNINITIALIZED_AUTOS = YES_AGGRESSIVE;
				GCC_WARN_UNUSED_FUNCTION = YES;
				GCC_WARN_UNUSED_VARIABLE = YES;
				IPHONEOS_DEPLOYMENT_TARGET = 10.0;
				MTL_ENABLE_DEBUG_INFO = YES;
				ONLY_ACTIVE_ARCH = YES;
				SDKROOT = iphoneos;
				SWIFT_ACTIVE_COMPILATION_CONDITIONS = DEBUG;
				SWIFT_OPTIMIZATION_LEVEL = "-Onone";
				TARGETED_DEVICE_FAMILY = "1,2";
			};
			name = Debug;
		};
		846235DE1D9417FF00A708D9 /* Release */ = {
			isa = XCBuildConfiguration;
			buildSettings = {
				ALWAYS_SEARCH_USER_PATHS = NO;
				CLANG_ANALYZER_NONNULL = YES;
				CLANG_CXX_LANGUAGE_STANDARD = "gnu++0x";
				CLANG_CXX_LIBRARY = "libc++";
				CLANG_ENABLE_MODULES = YES;
				CLANG_ENABLE_OBJC_ARC = YES;
				CLANG_WARN_BOOL_CONVERSION = YES;
				CLANG_WARN_CONSTANT_CONVERSION = YES;
				CLANG_WARN_DIRECT_OBJC_ISA_USAGE = YES_ERROR;
				CLANG_WARN_DOCUMENTATION_COMMENTS = YES;
				CLANG_WARN_EMPTY_BODY = YES;
				CLANG_WARN_ENUM_CONVERSION = YES;
				CLANG_WARN_INFINITE_RECURSION = YES;
				CLANG_WARN_INT_CONVERSION = YES;
				CLANG_WARN_OBJC_ROOT_CLASS = YES_ERROR;
				CLANG_WARN_SUSPICIOUS_MOVES = YES;
				CLANG_WARN_UNREACHABLE_CODE = YES;
				CLANG_WARN__DUPLICATE_METHOD_MATCH = YES;
				"CODE_SIGN_IDENTITY[sdk=iphoneos*]" = "iPhone Developer";
				COPY_PHASE_STRIP = NO;
				DEBUG_INFORMATION_FORMAT = "dwarf-with-dsym";
				ENABLE_NS_ASSERTIONS = NO;
				ENABLE_STRICT_OBJC_MSGSEND = YES;
				GCC_C_LANGUAGE_STANDARD = gnu99;
				GCC_NO_COMMON_BLOCKS = YES;
				GCC_WARN_64_TO_32_BIT_CONVERSION = YES;
				GCC_WARN_ABOUT_RETURN_TYPE = YES_ERROR;
				GCC_WARN_UNDECLARED_SELECTOR = YES;
				GCC_WARN_UNINITIALIZED_AUTOS = YES_AGGRESSIVE;
				GCC_WARN_UNUSED_FUNCTION = YES;
				GCC_WARN_UNUSED_VARIABLE = YES;
				IPHONEOS_DEPLOYMENT_TARGET = 10.0;
				MTL_ENABLE_DEBUG_INFO = NO;
				SDKROOT = iphoneos;
				SWIFT_OPTIMIZATION_LEVEL = "-Owholemodule";
				TARGETED_DEVICE_FAMILY = "1,2";
				VALIDATE_PRODUCT = YES;
			};
			name = Release;
		};
		846235E01D9417FF00A708D9 /* Debug */ = {
			isa = XCBuildConfiguration;
			buildSettings = {
				ASSETCATALOG_COMPILER_APPICON_NAME = AppIcon;
				DEVELOPMENT_TEAM = M4BG825ZVL;
				INFOPLIST_FILE = MVP_MVVM_Assignment/Info.plist;
				LD_RUNPATH_SEARCH_PATHS = "$(inherited) @executable_path/Frameworks";
				PRODUCT_BUNDLE_IDENTIFIER = "vineet.weboniselab.MVP-MVVM-Assignment";
				PRODUCT_NAME = "$(TARGET_NAME)";
				SWIFT_VERSION = 3.0;
			};
			name = Debug;
		};
		846235E11D9417FF00A708D9 /* Release */ = {
			isa = XCBuildConfiguration;
			buildSettings = {
				ASSETCATALOG_COMPILER_APPICON_NAME = AppIcon;
				DEVELOPMENT_TEAM = M4BG825ZVL;
				INFOPLIST_FILE = MVP_MVVM_Assignment/Info.plist;
				LD_RUNPATH_SEARCH_PATHS = "$(inherited) @executable_path/Frameworks";
				PRODUCT_BUNDLE_IDENTIFIER = "vineet.weboniselab.MVP-MVVM-Assignment";
				PRODUCT_NAME = "$(TARGET_NAME)";
				SWIFT_VERSION = 3.0;
			};
			name = Release;
		};
		846235E31D9417FF00A708D9 /* Debug */ = {
			isa = XCBuildConfiguration;
			buildSettings = {
				ALWAYS_EMBED_SWIFT_STANDARD_LIBRARIES = YES;
				BUNDLE_LOADER = "$(TEST_HOST)";
				DEVELOPMENT_TEAM = M4BG825ZVL;
				INFOPLIST_FILE = MVP_MVVM_AssignmentTests/Info.plist;
				LD_RUNPATH_SEARCH_PATHS = "$(inherited) @executable_path/Frameworks @loader_path/Frameworks";
				PRODUCT_BUNDLE_IDENTIFIER = "vineet.weboniselab.MVP-MVVM-AssignmentTests";
				PRODUCT_NAME = "$(TARGET_NAME)";
				SWIFT_VERSION = 3.0;
				TEST_HOST = "$(BUILT_PRODUCTS_DIR)/MVP_MVVM_Assignment.app/MVP_MVVM_Assignment";
			};
			name = Debug;
		};
		846235E41D9417FF00A708D9 /* Release */ = {
			isa = XCBuildConfiguration;
			buildSettings = {
				ALWAYS_EMBED_SWIFT_STANDARD_LIBRARIES = YES;
				BUNDLE_LOADER = "$(TEST_HOST)";
				DEVELOPMENT_TEAM = M4BG825ZVL;
				INFOPLIST_FILE = MVP_MVVM_AssignmentTests/Info.plist;
				LD_RUNPATH_SEARCH_PATHS = "$(inherited) @executable_path/Frameworks @loader_path/Frameworks";
				PRODUCT_BUNDLE_IDENTIFIER = "vineet.weboniselab.MVP-MVVM-AssignmentTests";
				PRODUCT_NAME = "$(TARGET_NAME)";
				SWIFT_VERSION = 3.0;
				TEST_HOST = "$(BUILT_PRODUCTS_DIR)/MVP_MVVM_Assignment.app/MVP_MVVM_Assignment";
			};
			name = Release;
		};
		846235E61D9417FF00A708D9 /* Debug */ = {
			isa = XCBuildConfiguration;
			buildSettings = {
				ALWAYS_EMBED_SWIFT_STANDARD_LIBRARIES = YES;
				DEVELOPMENT_TEAM = M4BG825ZVL;
				INFOPLIST_FILE = MVP_MVVM_AssignmentUITests/Info.plist;
				LD_RUNPATH_SEARCH_PATHS = "$(inherited) @executable_path/Frameworks @loader_path/Frameworks";
				PRODUCT_BUNDLE_IDENTIFIER = "vineet.weboniselab.MVP-MVVM-AssignmentUITests";
				PRODUCT_NAME = "$(TARGET_NAME)";
				SWIFT_VERSION = 3.0;
				TEST_TARGET_NAME = MVP_MVVM_Assignment;
			};
			name = Debug;
		};
		846235E71D9417FF00A708D9 /* Release */ = {
			isa = XCBuildConfiguration;
			buildSettings = {
				ALWAYS_EMBED_SWIFT_STANDARD_LIBRARIES = YES;
				DEVELOPMENT_TEAM = M4BG825ZVL;
				INFOPLIST_FILE = MVP_MVVM_AssignmentUITests/Info.plist;
				LD_RUNPATH_SEARCH_PATHS = "$(inherited) @executable_path/Frameworks @loader_path/Frameworks";
				PRODUCT_BUNDLE_IDENTIFIER = "vineet.weboniselab.MVP-MVVM-AssignmentUITests";
				PRODUCT_NAME = "$(TARGET_NAME)";
				SWIFT_VERSION = 3.0;
				TEST_TARGET_NAME = MVP_MVVM_Assignment;
			};
			name = Release;
		};
/* End XCBuildConfiguration section */

/* Begin XCConfigurationList section */
		846235AF1D9417FF00A708D9 /* Build configuration list for PBXProject "MVP_MVVM_Assignment" */ = {
			isa = XCConfigurationList;
			buildConfigurations = (
				846235DD1D9417FF00A708D9 /* Debug */,
				846235DE1D9417FF00A708D9 /* Release */,
			);
			defaultConfigurationIsVisible = 0;
			defaultConfigurationName = Release;
		};
		846235DF1D9417FF00A708D9 /* Build configuration list for PBXNativeTarget "MVP_MVVM_Assignment" */ = {
			isa = XCConfigurationList;
			buildConfigurations = (
				846235E01D9417FF00A708D9 /* Debug */,
				846235E11D9417FF00A708D9 /* Release */,
			);
			defaultConfigurationIsVisible = 0;
			defaultConfigurationName = Release;
		};
		846235E21D9417FF00A708D9 /* Build configuration list for PBXNativeTarget "MVP_MVVM_AssignmentTests" */ = {
			isa = XCConfigurationList;
			buildConfigurations = (
				846235E31D9417FF00A708D9 /* Debug */,
				846235E41D9417FF00A708D9 /* Release */,
			);
			defaultConfigurationIsVisible = 0;
			defaultConfigurationName = Release;
		};
		846235E51D9417FF00A708D9 /* Build configuration list for PBXNativeTarget "MVP_MVVM_AssignmentUITests" */ = {
			isa = XCConfigurationList;
			buildConfigurations = (
				846235E61D9417FF00A708D9 /* Debug */,
				846235E71D9417FF00A708D9 /* Release */,
			);
			defaultConfigurationIsVisible = 0;
			defaultConfigurationName = Release;
		};
/* End XCConfigurationList section */

/* Begin XCVersionGroup section */
		846235BE1D9417FF00A708D9 /* MVP_MVVM_Assignment.xcdatamodeld */ = {
			isa = XCVersionGroup;
			children = (
				846235BF1D9417FF00A708D9 /* MVP_MVVM_Assignment.xcdatamodel */,
			);
			currentVersion = 846235BF1D9417FF00A708D9 /* MVP_MVVM_Assignment.xcdatamodel */;
			path = MVP_MVVM_Assignment.xcdatamodeld;
			sourceTree = "<group>";
			versionGroupType = wrapper.xcdatamodel;
		};
/* End XCVersionGroup section */
	};
	rootObject = 846235AC1D9417FF00A708D9 /* Project object */;
}
